
Microsoft Visual Studio Solution File, Format Version 12.00
# Visual Studio Version 17
VisualStudioVersion = 17.12.35707.178 d17.12
MinimumVisualStudioVersion = 10.0.40219.1
Project("{FAE04EC0-301F-11D3-BF4B-00C04F79EFBC}") = "SEW4_10_01_MVC_example_gr1", "SEW4_10_01_MVC_example_gr1\SEW4_10_01_MVC_example_gr1.csproj", "{7BF74D2A-A12C-4D77-A11E-ACB9A047DEFE}"
EndProject
Global
	GlobalSection(SolutionConfigurationPlatforms) = preSolution
		Debug|Any CPU = Debug|Any CPU
		Release|Any CPU = Release|Any CPU
	EndGlobalSection
	GlobalSection(ProjectConfigurationPlatforms) = postSolution
		{7BF74D2A-A12C-4D77-A11E-ACB9A047DEFE}.Debug|Any CPU.ActiveCfg = Debug|Any CPU
		{7BF74D2A-A12C-4D77-A11E-ACB9A047DEFE}.Debug|Any CPU.Build.0 = Debug|Any CPU
		{7BF74D2A-A12C-4D77-A11E-ACB9A047DEFE}.Release|Any CPU.ActiveCfg = Release|Any CPU
		{7BF74D2A-A12C-4D77-A11E-ACB9A047DEFE}.Release|Any CPU.Build.0 = Release|Any CPU
	EndGlobalSection
	GlobalSection(SolutionProperties) = preSolution
		HideSolutionNode = FALSE
	EndGlobalSection
EndGlobal
